
Microsoft Visual Studio Solution File, Format Version 12.00
# Visual Studio 15
VisualStudioVersion = 15.0.25807.0
MinimumVisualStudioVersion = 10.0.40219.1
Project("{2150E333-8FDC-42A3-9474-1A3956D46DE8}") = "Engine", "Engine", "{6DA9441D-F2F6-4271-95E3-8787012E2317}"
EndProject
Project("{2150E333-8FDC-42A3-9474-1A3956D46DE8}") = "Games", "Games", "{BD15574E-9FD2-40E5-9D94-B50B2E9DA40F}"
EndProject
Project("{8BC9CEB8-8B4A-11D0-8D11-00A0C91BC942}") = "UE4", "Intermediate\ProjectFiles\UE4.vcxproj", "{E6AE3E03-E22B-4731-B0D6-0585F5BB133E}"
EndProject
Project("{8BC9CEB8-8B4A-11D0-8D11-00A0C91BC942}") = "Bifrost", "Intermediate\ProjectFiles\Bifrost.vcxproj", "{A5FB2A72-9B7B-4710-AFA0-E776B79AAF90}"
EndProject
Global
	GlobalSection(SolutionConfigurationPlatforms) = preSolution
		DebugGame Editor|HTML5 = DebugGame Editor|HTML5
		DebugGame Editor|Win32 = DebugGame Editor|Win32
		DebugGame Editor|Win64 = DebugGame Editor|Win64
		DebugGame|HTML5 = DebugGame|HTML5
		DebugGame|Win32 = DebugGame|Win32
		DebugGame|Win64 = DebugGame|Win64
		Development Editor|HTML5 = Development Editor|HTML5
		Development Editor|Win32 = Development Editor|Win32
		Development Editor|Win64 = Development Editor|Win64
		Development|HTML5 = Development|HTML5
		Development|Win32 = Development|Win32
		Development|Win64 = Development|Win64
		Shipping|HTML5 = Shipping|HTML5
		Shipping|Win32 = Shipping|Win32
		Shipping|Win64 = Shipping|Win64
	EndGlobalSection
	GlobalSection(ProjectConfigurationPlatforms) = postSolution
		{E6AE3E03-E22B-4731-B0D6-0585F5BB133E}.DebugGame Editor|HTML5.ActiveCfg = BuiltWithUnrealBuildTool|Win32
		{E6AE3E03-E22B-4731-B0D6-0585F5BB133E}.DebugGame Editor|HTML5.Build.0 = BuiltWithUnrealBuildTool|Win32
		{E6AE3E03-E22B-4731-B0D6-0585F5BB133E}.DebugGame Editor|Win32.ActiveCfg = BuiltWithUnrealBuildTool|Win32
		{E6AE3E03-E22B-4731-B0D6-0585F5BB133E}.DebugGame Editor|Win32.Build.0 = BuiltWithUnrealBuildTool|Win32
		{E6AE3E03-E22B-4731-B0D6-0585F5BB133E}.DebugGame Editor|Win64.ActiveCfg = BuiltWithUnrealBuildTool|Win32
		{E6AE3E03-E22B-4731-B0D6-0585F5BB133E}.DebugGame Editor|Win64.Build.0 = BuiltWithUnrealBuildTool|Win32
		{E6AE3E03-E22B-4731-B0D6-0585F5BB133E}.DebugGame|HTML5.ActiveCfg = BuiltWithUnrealBuildTool|Win32
		{E6AE3E03-E22B-4731-B0D6-0585F5BB133E}.DebugGame|HTML5.Build.0 = BuiltWithUnrealBuildTool|Win32
		{E6AE3E03-E22B-4731-B0D6-0585F5BB133E}.DebugGame|Win32.ActiveCfg = BuiltWithUnrealBuildTool|Win32
		{E6AE3E03-E22B-4731-B0D6-0585F5BB133E}.DebugGame|Win32.Build.0 = BuiltWithUnrealBuildTool|Win32
		{E6AE3E03-E22B-4731-B0D6-0585F5BB133E}.DebugGame|Win64.ActiveCfg = BuiltWithUnrealBuildTool|Win32
		{E6AE3E03-E22B-4731-B0D6-0585F5BB133E}.DebugGame|Win64.Build.0 = BuiltWithUnrealBuildTool|Win32
		{E6AE3E03-E22B-4731-B0D6-0585F5BB133E}.Development Editor|HTML5.ActiveCfg = BuiltWithUnrealBuildTool|Win32
		{E6AE3E03-E22B-4731-B0D6-0585F5BB133E}.Development Editor|HTML5.Build.0 = BuiltWithUnrealBuildTool|Win32
		{E6AE3E03-E22B-4731-B0D6-0585F5BB133E}.Development Editor|Win32.ActiveCfg = BuiltWithUnrealBuildTool|Win32
		{E6AE3E03-E22B-4731-B0D6-0585F5BB133E}.Development Editor|Win32.Build.0 = BuiltWithUnrealBuildTool|Win32
		{E6AE3E03-E22B-4731-B0D6-0585F5BB133E}.Development Editor|Win64.ActiveCfg = BuiltWithUnrealBuildTool|Win32
		{E6AE3E03-E22B-4731-B0D6-0585F5BB133E}.Development Editor|Win64.Build.0 = BuiltWithUnrealBuildTool|Win32
		{E6AE3E03-E22B-4731-B0D6-0585F5BB133E}.Development|HTML5.ActiveCfg = BuiltWithUnrealBuildTool|Win32
		{E6AE3E03-E22B-4731-B0D6-0585F5BB133E}.Development|HTML5.Build.0 = BuiltWithUnrealBuildTool|Win32
		{E6AE3E03-E22B-4731-B0D6-0585F5BB133E}.Development|Win32.ActiveCfg = BuiltWithUnrealBuildTool|Win32
		{E6AE3E03-E22B-4731-B0D6-0585F5BB133E}.Development|Win32.Build.0 = BuiltWithUnrealBuildTool|Win32
		{E6AE3E03-E22B-4731-B0D6-0585F5BB133E}.Development|Win64.ActiveCfg = BuiltWithUnrealBuildTool|Win32
		{E6AE3E03-E22B-4731-B0D6-0585F5BB133E}.Development|Win64.Build.0 = BuiltWithUnrealBuildTool|Win32
		{E6AE3E03-E22B-4731-B0D6-0585F5BB133E}.Shipping|HTML5.ActiveCfg = BuiltWithUnrealBuildTool|Win32
		{E6AE3E03-E22B-4731-B0D6-0585F5BB133E}.Shipping|HTML5.Build.0 = BuiltWithUnrealBuildTool|Win32
		{E6AE3E03-E22B-4731-B0D6-0585F5BB133E}.Shipping|Win32.ActiveCfg = BuiltWithUnrealBuildTool|Win32
		{E6AE3E03-E22B-4731-B0D6-0585F5BB133E}.Shipping|Win32.Build.0 = BuiltWithUnrealBuildTool|Win32
		{E6AE3E03-E22B-4731-B0D6-0585F5BB133E}.Shipping|Win64.ActiveCfg = BuiltWithUnrealBuildTool|Win32
		{E6AE3E03-E22B-4731-B0D6-0585F5BB133E}.Shipping|Win64.Build.0 = BuiltWithUnrealBuildTool|Win32
		{A5FB2A72-9B7B-4710-AFA0-E776B79AAF90}.DebugGame Editor|HTML5.ActiveCfg = HTML5_DebugGame_Editor|Win32
		{A5FB2A72-9B7B-4710-AFA0-E776B79AAF90}.DebugGame Editor|Win32.ActiveCfg = DebugGame_Editor|Win32
		{A5FB2A72-9B7B-4710-AFA0-E776B79AAF90}.DebugGame Editor|Win64.ActiveCfg = DebugGame_Editor|x64
		{A5FB2A72-9B7B-4710-AFA0-E776B79AAF90}.DebugGame Editor|Win64.Build.0 = DebugGame_Editor|x64
		{A5FB2A72-9B7B-4710-AFA0-E776B79AAF90}.DebugGame|HTML5.ActiveCfg = HTML5_DebugGame_Game|Win32
		{A5FB2A72-9B7B-4710-AFA0-E776B79AAF90}.DebugGame|HTML5.Build.0 = HTML5_DebugGame_Game|Win32
		{A5FB2A72-9B7B-4710-AFA0-E776B79AAF90}.DebugGame|Win32.ActiveCfg = DebugGame_Game|Win32
		{A5FB2A72-9B7B-4710-AFA0-E776B79AAF90}.DebugGame|Win32.Build.0 = DebugGame_Game|Win32
		{A5FB2A72-9B7B-4710-AFA0-E776B79AAF90}.DebugGame|Win64.ActiveCfg = DebugGame_Game|x64
		{A5FB2A72-9B7B-4710-AFA0-E776B79AAF90}.DebugGame|Win64.Build.0 = DebugGame_Game|x64
		{A5FB2A72-9B7B-4710-AFA0-E776B79AAF90}.Development Editor|HTML5.ActiveCfg = HTML5_Development_Editor|Win32
		{A5FB2A72-9B7B-4710-AFA0-E776B79AAF90}.Development Editor|Win32.ActiveCfg = Development_Editor|Win32
		{A5FB2A72-9B7B-4710-AFA0-E776B79AAF90}.Development Editor|Win64.ActiveCfg = Development_Editor|x64
		{A5FB2A72-9B7B-4710-AFA0-E776B79AAF90}.Development Editor|Win64.Build.0 = Development_Editor|x64
		{A5FB2A72-9B7B-4710-AFA0-E776B79AAF90}.Development|HTML5.ActiveCfg = HTML5_Development_Game|Win32
		{A5FB2A72-9B7B-4710-AFA0-E776B79AAF90}.Development|HTML5.Build.0 = HTML5_Development_Game|Win32
		{A5FB2A72-9B7B-4710-AFA0-E776B79AAF90}.Development|Win32.ActiveCfg = Development_Game|Win32
		{A5FB2A72-9B7B-4710-AFA0-E776B79AAF90}.Development|Win32.Build.0 = Development_Game|Win32
		{A5FB2A72-9B7B-4710-AFA0-E776B79AAF90}.Development|Win64.ActiveCfg = Development_Game|x64
		{A5FB2A72-9B7B-4710-AFA0-E776B79AAF90}.Development|Win64.Build.0 = Development_Game|x64
		{A5FB2A72-9B7B-4710-AFA0-E776B79AAF90}.Shipping|HTML5.ActiveCfg = HTML5_Shipping_Game|Win32
		{A5FB2A72-9B7B-4710-AFA0-E776B79AAF90}.Shipping|HTML5.Build.0 = HTML5_Shipping_Game|Win32
		{A5FB2A72-9B7B-4710-AFA0-E776B79AAF90}.Shipping|Win32.ActiveCfg = Shipping_Game|Win32
		{A5FB2A72-9B7B-4710-AFA0-E776B79AAF90}.Shipping|Win32.Build.0 = Shipping_Game|Win32
		{A5FB2A72-9B7B-4710-AFA0-E776B79AAF90}.Shipping|Win64.ActiveCfg = Shipping_Game|x64
		{A5FB2A72-9B7B-4710-AFA0-E776B79AAF90}.Shipping|Win64.Build.0 = Shipping_Game|x64
	EndGlobalSection
	GlobalSection(SolutionProperties) = preSolution
		HideSolutionNode = FALSE
	EndGlobalSection
	GlobalSection(NestedProjects) = preSolution
		{E6AE3E03-E22B-4731-B0D6-0585F5BB133E} = {6DA9441D-F2F6-4271-95E3-8787012E2317}
		{A5FB2A72-9B7B-4710-AFA0-E776B79AAF90} = {BD15574E-9FD2-40E5-9D94-B50B2E9DA40F}
	EndGlobalSection
	GlobalSection(ExtensibilityGlobals) = postSolution
		SolutionGuid = {62EE24BA-F3AC-4594-B2DF-6FEF7CF970BF}
	EndGlobalSection
EndGlobal
